
Microsoft Visual Studio Solution File, Format Version 12.00
# Visual Studio Version 16
VisualStudioVersion = 16.0.31727.386
MinimumVisualStudioVersion = 10.0.40219.1
Project("{9A19103F-16F7-4668-BE54-9A1E7A4F7556}") = "HelloWorld", "HelloWorld\HelloWorld.csproj", "{CF104129-3B9C-4830-A71B-0CA239A000F2}"
EndProject
Project("{FAE04EC0-301F-11D3-BF4B-00C04F79EFBC}") = "ConsoleApp1", "ConsoleApp1\ConsoleApp1.csproj", "{F8E5089C-2EDA-4493-961C-19A6082B0BFD}"
EndProject
Global
	GlobalSection(SolutionConfigurationPlatforms) = preSolution
		Debug|Any CPU = Debug|Any CPU
		Release|Any CPU = Release|Any CPU
	EndGlobalSection
	GlobalSection(ProjectConfigurationPlatforms) = postSolution
		{CF104129-3B9C-4830-A71B-0CA239A000F2}.Debug|Any CPU.ActiveCfg = Debug|Any CPU
		{CF104129-3B9C-4830-A71B-0CA239A000F2}.Debug|Any CPU.Build.0 = Debug|Any CPU
		{CF104129-3B9C-4830-A71B-0CA239A000F2}.Release|Any CPU.ActiveCfg = Release|Any CPU
		{CF104129-3B9C-4830-A71B-0CA239A000F2}.Release|Any CPU.Build.0 = Release|Any CPU
		{F8E5089C-2EDA-4493-961C-19A6082B0BFD}.Debug|Any CPU.ActiveCfg = Debug|Any CPU
		{F8E5089C-2EDA-4493-961C-19A6082B0BFD}.Debug|Any CPU.Build.0 = Debug|Any CPU
		{F8E5089C-2EDA-4493-961C-19A6082B0BFD}.Release|Any CPU.ActiveCfg = Release|Any CPU
		{F8E5089C-2EDA-4493-961C-19A6082B0BFD}.Release|Any CPU.Build.0 = Release|Any CPU
	EndGlobalSection
	GlobalSection(SolutionProperties) = preSolution
		HideSolutionNode = FALSE
	EndGlobalSection
	GlobalSection(ExtensibilityGlobals) = postSolution
		SolutionGuid = {BE1A73A1-5942-49E3-946B-787A18D98B02}
	EndGlobalSection
EndGlobal
